
Microsoft Visual Studio Solution File, Format Version 12.00
# Visual Studio 2013
VisualStudioVersion = 12.0.30324.0
MinimumVisualStudioVersion = 10.0.40219.1
Project("{FAE04EC0-301F-11D3-BF4B-00C04F79EFBC}") = "JavaScript", "JavaScript\JavaScript.csproj", "{683097F6-4B4A-44EF-9E85-8696AD920583}"
EndProject
Project("{2150E333-8FDC-42A3-9474-1A3956D46DE8}") = "PublishScripts", "PublishScripts", "{394ED789-9086-4F5A-9904-8CAFDF428B4B}"
	ProjectSection(SolutionItems) = preProject
		PublishScripts\AzureWebAppPublishModule.psm1 = PublishScripts\AzureWebAppPublishModule.psm1
		PublishScripts\Publish-WebApplication.ps1 = PublishScripts\Publish-WebApplication.ps1
	EndProjectSection
EndProject
Project("{2150E333-8FDC-42A3-9474-1A3956D46DE8}") = "Configurations", "Configurations", "{A6055886-07E6-43AA-8082-EAE16535C05E}"
	ProjectSection(SolutionItems) = preProject
		PublishScripts\Configurations\JavaScript-WAWS-dev.json = PublishScripts\Configurations\JavaScript-WAWS-dev.json
	EndProjectSection
EndProject
Global
	GlobalSection(SolutionConfigurationPlatforms) = preSolution
		Debug|Any CPU = Debug|Any CPU
		Release|Any CPU = Release|Any CPU
	EndGlobalSection
	GlobalSection(ProjectConfigurationPlatforms) = postSolution
		{683097F6-4B4A-44EF-9E85-8696AD920583}.Debug|Any CPU.ActiveCfg = Debug|Any CPU
		{683097F6-4B4A-44EF-9E85-8696AD920583}.Debug|Any CPU.Build.0 = Debug|Any CPU
		{683097F6-4B4A-44EF-9E85-8696AD920583}.Release|Any CPU.ActiveCfg = Release|Any CPU
		{683097F6-4B4A-44EF-9E85-8696AD920583}.Release|Any CPU.Build.0 = Release|Any CPU
	EndGlobalSection
	GlobalSection(SolutionProperties) = preSolution
		HideSolutionNode = FALSE
	EndGlobalSection
	GlobalSection(NestedProjects) = preSolution
		{A6055886-07E6-43AA-8082-EAE16535C05E} = {394ED789-9086-4F5A-9904-8CAFDF428B4B}
	EndGlobalSection
EndGlobal
